// !$*UTF8*$!
{
	archiveVersion = 1;
	classes = {
	};
	objectVersion = 46;
	objects = {

/* Begin PBXBuildFile section */
		2DCA68591832616600075145 /* Foundation.framework in Frameworks */ = {isa = PBXBuildFile; fileRef = 2DCA68581832616600075145 /* Foundation.framework */; };
		2DCA685B1832616600075145 /* CoreGraphics.framework in Frameworks */ = {isa = PBXBuildFile; fileRef = 2DCA685A1832616600075145 /* CoreGraphics.framework */; };
		2DCA685D1832616600075145 /* UIKit.framework in Frameworks */ = {isa = PBXBuildFile; fileRef = 2DCA685C1832616600075145 /* UIKit.framework */; };
		2DCA68631832616600075145 /* InfoPlist.strings in Resources */ = {isa = PBXBuildFile; fileRef = 2DCA68611832616600075145 /* InfoPlist.strings */; };
		2DCA68651832616600075145 /* main.m in Sources */ = {isa = PBXBuildFile; fileRef = 2DCA68641832616600075145 /* main.m */; };
		2DCA68691832616600075145 /* DCAppDelegate.m in Sources */ = {isa = PBXBuildFile; fileRef = 2DCA68681832616600075145 /* DCAppDelegate.m */; };
		2DCA686C1832616600075145 /* Main.storyboard in Resources */ = {isa = PBXBuildFile; fileRef = 2DCA686A1832616600075145 /* Main.storyboard */; };
		2DCA68741832616600075145 /* Images.xcassets in Resources */ = {isa = PBXBuildFile; fileRef = 2DCA68731832616600075145 /* Images.xcassets */; };
		2DCA687B1832616600075145 /* XCTest.framework in Frameworks */ = {isa = PBXBuildFile; fileRef = 2DCA687A1832616600075145 /* XCTest.framework */; };
		2DCA687C1832616600075145 /* Foundation.framework in Frameworks */ = {isa = PBXBuildFile; fileRef = 2DCA68581832616600075145 /* Foundation.framework */; };
		2DCA687D1832616600075145 /* UIKit.framework in Frameworks */ = {isa = PBXBuildFile; fileRef = 2DCA685C1832616600075145 /* UIKit.framework */; };
		2DCA68851832616600075145 /* InfoPlist.strings in Resources */ = {isa = PBXBuildFile; fileRef = 2DCA68831832616600075145 /* InfoPlist.strings */; };
		2DCA68871832616600075145 /* DOCOVedioTests.m in Sources */ = {isa = PBXBuildFile; fileRef = 2DCA68861832616600075145 /* DOCOVedioTests.m */; };
		2DD3F7031833A93600F712E5 /* DCLastViewController.m in Sources */ = {isa = PBXBuildFile; fileRef = 2DD3F7021833A93600F712E5 /* DCLastViewController.m */; };
		2DD3F7061833A94D00F712E5 /* DCNewViewController.m in Sources */ = {isa = PBXBuildFile; fileRef = 2DD3F7051833A94D00F712E5 /* DCNewViewController.m */; };
		2DD3F7091833A95F00F712E5 /* DCCollectViewController.m in Sources */ = {isa = PBXBuildFile; fileRef = 2DD3F7081833A95F00F712E5 /* DCCollectViewController.m */; };
		2DD3F70C1833A97000F712E5 /* DCDownloadViewController.m in Sources */ = {isa = PBXBuildFile; fileRef = 2DD3F70B1833A97000F712E5 /* DCDownloadViewController.m */; };
		2DD3F70F1833A9F300F712E5 /* DCCollecttionViewControoler.m in Sources */ = {isa = PBXBuildFile; fileRef = 2DD3F70E1833A9F300F712E5 /* DCCollecttionViewControoler.m */; };
		2DD3F7121833AA0A00F712E5 /* DCTableViewController.m in Sources */ = {isa = PBXBuildFile; fileRef = 2DD3F7111833AA0A00F712E5 /* DCTableViewController.m */; };
		2DD3F7171833AD1000F712E5 /* UIView+DCView.m in Sources */ = {isa = PBXBuildFile; fileRef = 2DD3F7161833AD1000F712E5 /* UIView+DCView.m */; };
/* End PBXBuildFile section */

/* Begin PBXContainerItemProxy section */
		2DCA687E1832616600075145 /* PBXContainerItemProxy */ = {
			isa = PBXContainerItemProxy;
			containerPortal = 2DCA684D1832616500075145 /* Project object */;
			proxyType = 1;
			remoteGlobalIDString = 2DCA68541832616600075145;
			remoteInfo = DOCOVedio;
		};
/* End PBXContainerItemProxy section */

/* Begin PBXFileReference section */
		2DCA68551832616600075145 /* DOCOVedio.app */ = {isa = PBXFileReference; explicitFileType = wrapper.application; includeInIndex = 0; path = DOCOVedio.app; sourceTree = BUILT_PRODUCTS_DIR; };
		2DCA68581832616600075145 /* Foundation.framework */ = {isa = PBXFileReference; lastKnownFileType = wrapper.framework; name = Foundation.framework; path = System/Library/Frameworks/Foundation.framework; sourceTree = SDKROOT; };
		2DCA685A1832616600075145 /* CoreGraphics.framework */ = {isa = PBXFileReference; lastKnownFileType = wrapper.framework; name = CoreGraphics.framework; path = System/Library/Frameworks/CoreGraphics.framework; sourceTree = SDKROOT; };
		2DCA685C1832616600075145 /* UIKit.framework */ = {isa = PBXFileReference; lastKnownFileType = wrapper.framework; name = UIKit.framework; path = System/Library/Frameworks/UIKit.framework; sourceTree = SDKROOT; };
		2DCA68601832616600075145 /* DOCOVedio-Info.plist */ = {isa = PBXFileReference; lastKnownFileType = text.plist.xml; path = "DOCOVedio-Info.plist"; sourceTree = "<group>"; };
		2DCA68621832616600075145 /* en */ = {isa = PBXFileReference; lastKnownFileType = text.plist.strings; name = en; path = en.lproj/InfoPlist.strings; sourceTree = "<group>"; };
		2DCA68641832616600075145 /* main.m */ = {isa = PBXFileReference; lastKnownFileType = sourcecode.c.objc; path = main.m; sourceTree = "<group>"; };
		2DCA68661832616600075145 /* DOCOVedio-Prefix.pch */ = {isa = PBXFileReference; lastKnownFileType = sourcecode.c.h; path = "DOCOVedio-Prefix.pch"; sourceTree = "<group>"; };
		2DCA68671832616600075145 /* DCAppDelegate.h */ = {isa = PBXFileReference; lastKnownFileType = sourcecode.c.h; path = DCAppDelegate.h; sourceTree = "<group>"; };
		2DCA68681832616600075145 /* DCAppDelegate.m */ = {isa = PBXFileReference; lastKnownFileType = sourcecode.c.objc; path = DCAppDelegate.m; sourceTree = "<group>"; };
		2DCA686B1832616600075145 /* Base */ = {isa = PBXFileReference; lastKnownFileType = file.storyboard; name = Base; path = Base.lproj/Main.storyboard; sourceTree = "<group>"; };
		2DCA68731832616600075145 /* Images.xcassets */ = {isa = PBXFileReference; lastKnownFileType = folder.assetcatalog; path = Images.xcassets; sourceTree = "<group>"; };
		2DCA68791832616600075145 /* DOCOVedioTests.xctest */ = {isa = PBXFileReference; explicitFileType = wrapper.cfbundle; includeInIndex = 0; path = DOCOVedioTests.xctest; sourceTree = BUILT_PRODUCTS_DIR; };
		2DCA687A1832616600075145 /* XCTest.framework */ = {isa = PBXFileReference; lastKnownFileType = wrapper.framework; name = XCTest.framework; path = Library/Frameworks/XCTest.framework; sourceTree = DEVELOPER_DIR; };
		2DCA68821832616600075145 /* DOCOVedioTests-Info.plist */ = {isa = PBXFileReference; lastKnownFileType = text.plist.xml; path = "DOCOVedioTests-Info.plist"; sourceTree = "<group>"; };
		2DCA68841832616600075145 /* en */ = {isa = PBXFileReference; lastKnownFileType = text.plist.strings; name = en; path = en.lproj/InfoPlist.strings; sourceTree = "<group>"; };
		2DCA68861832616600075145 /* DOCOVedioTests.m */ = {isa = PBXFileReference; lastKnownFileType = sourcecode.c.objc; path = DOCOVedioTests.m; sourceTree = "<group>"; };
		2DD3F7011833A93600F712E5 /* DCLastViewController.h */ = {isa = PBXFileReference; fileEncoding = 4; lastKnownFileType = sourcecode.c.h; path = DCLastViewController.h; sourceTree = "<group>"; };
		2DD3F7021833A93600F712E5 /* DCLastViewController.m */ = {isa = PBXFileReference; fileEncoding = 4; lastKnownFileType = sourcecode.c.objc; path = DCLastViewController.m; sourceTree = "<group>"; };
		2DD3F7041833A94D00F712E5 /* DCNewViewController.h */ = {isa = PBXFileReference; fileEncoding = 4; lastKnownFileType = sourcecode.c.h; path = DCNewViewController.h; sourceTree = "<group>"; };
		2DD3F7051833A94D00F712E5 /* DCNewViewController.m */ = {isa = PBXFileReference; fileEncoding = 4; lastKnownFileType = sourcecode.c.objc; path = DCNewViewController.m; sourceTree = "<group>"; };
		2DD3F7071833A95F00F712E5 /* DCCollectViewController.h */ = {isa = PBXFileReference; fileEncoding = 4; lastKnownFileType = sourcecode.c.h; path = DCCollectViewController.h; sourceTree = "<group>"; };
		2DD3F7081833A95F00F712E5 /* DCCollectViewController.m */ = {isa = PBXFileReference; fileEncoding = 4; lastKnownFileType = sourcecode.c.objc; path = DCCollectViewController.m; sourceTree = "<group>"; };
		2DD3F70A1833A97000F712E5 /* DCDownloadViewController.h */ = {isa = PBXFileReference; fileEncoding = 4; lastKnownFileType = sourcecode.c.h; path = DCDownloadViewController.h; sourceTree = "<group>"; };
		2DD3F70B1833A97000F712E5 /* DCDownloadViewController.m */ = {isa = PBXFileReference; fileEncoding = 4; lastKnownFileType = sourcecode.c.objc; path = DCDownloadViewController.m; sourceTree = "<group>"; };
		2DD3F70D1833A9F300F712E5 /* DCCollecttionViewControoler.h */ = {isa = PBXFileReference; fileEncoding = 4; lastKnownFileType = sourcecode.c.h; path = DCCollecttionViewControoler.h; sourceTree = "<group>"; };
		2DD3F70E1833A9F300F712E5 /* DCCollecttionViewControoler.m */ = {isa = PBXFileReference; fileEncoding = 4; lastKnownFileType = sourcecode.c.objc; path = DCCollecttionViewControoler.m; sourceTree = "<group>"; };
		2DD3F7101833AA0A00F712E5 /* DCTableViewController.h */ = {isa = PBXFileReference; fileEncoding = 4; lastKnownFileType = sourcecode.c.h; path = DCTableViewController.h; sourceTree = "<group>"; };
		2DD3F7111833AA0A00F712E5 /* DCTableViewController.m */ = {isa = PBXFileReference; fileEncoding = 4; lastKnownFileType = sourcecode.c.objc; path = DCTableViewController.m; sourceTree = "<group>"; };
		2DD3F7151833AD1000F712E5 /* UIView+DCView.h */ = {isa = PBXFileReference; fileEncoding = 4; lastKnownFileType = sourcecode.c.h; path = "UIView+DCView.h"; sourceTree = "<group>"; };
		2DD3F7161833AD1000F712E5 /* UIView+DCView.m */ = {isa = PBXFileReference; fileEncoding = 4; lastKnownFileType = sourcecode.c.objc; path = "UIView+DCView.m"; sourceTree = "<group>"; };
		2DD3F71A1833AD4D00F712E5 /* configure.h */ = {isa = PBXFileReference; fileEncoding = 4; lastKnownFileType = sourcecode.c.h; path = configure.h; sourceTree = "<group>"; };
		2DD3F71B1833AE5D00F712E5 /* toolheaders.h */ = {isa = PBXFileReference; fileEncoding = 4; lastKnownFileType = sourcecode.c.h; path = toolheaders.h; sourceTree = "<group>"; };
		2DD3F71C1833AE6B00F712E5 /* objectheaders.h */ = {isa = PBXFileReference; fileEncoding = 4; lastKnownFileType = sourcecode.c.h; path = objectheaders.h; sourceTree = "<group>"; };
		2DD3F71D1833BB8D00F712E5 /* enums.h */ = {isa = PBXFileReference; fileEncoding = 4; lastKnownFileType = sourcecode.c.h; path = enums.h; sourceTree = "<group>"; };
		2DD3F7221833DEEC00F712E5 /* common.h */ = {isa = PBXFileReference; fileEncoding = 4; lastKnownFileType = sourcecode.c.h; path = common.h; sourceTree = "<group>"; };
/* End PBXFileReference section */

/* Begin PBXFrameworksBuildPhase section */
		2DCA68521832616600075145 /* Frameworks */ = {
			isa = PBXFrameworksBuildPhase;
			buildActionMask = 2147483647;
			files = (
				2DCA685B1832616600075145 /* CoreGraphics.framework in Frameworks */,
				2DCA685D1832616600075145 /* UIKit.framework in Frameworks */,
				2DCA68591832616600075145 /* Foundation.framework in Frameworks */,
			);
			runOnlyForDeploymentPostprocessing = 0;
		};
		2DCA68761832616600075145 /* Frameworks */ = {
			isa = PBXFrameworksBuildPhase;
			buildActionMask = 2147483647;
			files = (
				2DCA687B1832616600075145 /* XCTest.framework in Frameworks */,
				2DCA687D1832616600075145 /* UIKit.framework in Frameworks */,
				2DCA687C1832616600075145 /* Foundation.framework in Frameworks */,
			);
			runOnlyForDeploymentPostprocessing = 0;
		};
/* End PBXFrameworksBuildPhase section */

/* Begin PBXGroup section */
		2DCA684C1832616500075145 = {
			isa = PBXGroup;
			children = (
				2DCA685E1832616600075145 /* DOCOVedio */,
				2DCA68801832616600075145 /* DOCOVedioTests */,
				2DCA68571832616600075145 /* Frameworks */,
				2DCA68561832616600075145 /* Products */,
			);
			sourceTree = "<group>";
		};
		2DCA68561832616600075145 /* Products */ = {
			isa = PBXGroup;
			children = (
				2DCA68551832616600075145 /* DOCOVedio.app */,
				2DCA68791832616600075145 /* DOCOVedioTests.xctest */,
			);
			name = Products;
			sourceTree = "<group>";
		};
		2DCA68571832616600075145 /* Frameworks */ = {
			isa = PBXGroup;
			children = (
				2DCA68581832616600075145 /* Foundation.framework */,
				2DCA685A1832616600075145 /* CoreGraphics.framework */,
				2DCA685C1832616600075145 /* UIKit.framework */,
				2DCA687A1832616600075145 /* XCTest.framework */,
			);
			name = Frameworks;
			sourceTree = "<group>";
		};
		2DCA685E1832616600075145 /* DOCOVedio */ = {
			isa = PBXGroup;
			children = (
				2DD3F7181833AD1400F712E5 /* init */,
				2DD3F7141833ACE900F712E5 /* tools */,
				2DD3F7131833ACD100F712E5 /* objects */,
				2DCA68671832616600075145 /* DCAppDelegate.h */,
				2DCA68681832616600075145 /* DCAppDelegate.m */,
				2DCA686A1832616600075145 /* Main.storyboard */,
				2DD3F7011833A93600F712E5 /* DCLastViewController.h */,
				2DD3F7021833A93600F712E5 /* DCLastViewController.m */,
				2DD3F7041833A94D00F712E5 /* DCNewViewController.h */,
				2DD3F7051833A94D00F712E5 /* DCNewViewController.m */,
				2DD3F7071833A95F00F712E5 /* DCCollectViewController.h */,
				2DD3F7081833A95F00F712E5 /* DCCollectViewController.m */,
				2DD3F70A1833A97000F712E5 /* DCDownloadViewController.h */,
				2DD3F70B1833A97000F712E5 /* DCDownloadViewController.m */,
				2DD3F70D1833A9F300F712E5 /* DCCollecttionViewControoler.h */,
				2DD3F70E1833A9F300F712E5 /* DCCollecttionViewControoler.m */,
				2DD3F7101833AA0A00F712E5 /* DCTableViewController.h */,
				2DD3F7111833AA0A00F712E5 /* DCTableViewController.m */,
				2DCA68731832616600075145 /* Images.xcassets */,
				2DCA685F1832616600075145 /* Supporting Files */,
			);
			path = DOCOVedio;
			sourceTree = "<group>";
		};
		2DCA685F1832616600075145 /* Supporting Files */ = {
			isa = PBXGroup;
			children = (
				2DCA68601832616600075145 /* DOCOVedio-Info.plist */,
				2DCA68611832616600075145 /* InfoPlist.strings */,
				2DCA68641832616600075145 /* main.m */,
				2DCA68661832616600075145 /* DOCOVedio-Prefix.pch */,
			);
			name = "Supporting Files";
			sourceTree = "<group>";
		};
		2DCA68801832616600075145 /* DOCOVedioTests */ = {
			isa = PBXGroup;
			children = (
				2DCA68861832616600075145 /* DOCOVedioTests.m */,
				2DCA68811832616600075145 /* Supporting Files */,
			);
			path = DOCOVedioTests;
			sourceTree = "<group>";
		};
		2DCA68811832616600075145 /* Supporting Files */ = {
			isa = PBXGroup;
			children = (
				2DCA68821832616600075145 /* DOCOVedioTests-Info.plist */,
				2DCA68831832616600075145 /* InfoPlist.strings */,
			);
			name = "Supporting Files";
			sourceTree = "<group>";
		};
		2DD3F7131833ACD100F712E5 /* objects */ = {
			isa = PBXGroup;
			children = (
				2DD3F7151833AD1000F712E5 /* UIView+DCView.h */,
				2DD3F7161833AD1000F712E5 /* UIView+DCView.m */,
			);
			name = objects;
			sourceTree = "<group>";
		};
		2DD3F7141833ACE900F712E5 /* tools */ = {
			isa = PBXGroup;
			children = (
				2DD3F71D1833BB8D00F712E5 /* enums.h */,
				2DD3F7221833DEEC00F712E5 /* common.h */,
			);
			name = tools;
			sourceTree = "<group>";
		};
		2DD3F7181833AD1400F712E5 /* init */ = {
			isa = PBXGroup;
			children = (
				2DD3F71A1833AD4D00F712E5 /* configure.h */,
				2DD3F71B1833AE5D00F712E5 /* toolheaders.h */,
				2DD3F71C1833AE6B00F712E5 /* objectheaders.h */,
			);
			name = init;
			sourceTree = "<group>";
		};
/* End PBXGroup section */

/* Begin PBXNativeTarget section */
		2DCA68541832616600075145 /* DOCOVedio */ = {
			isa = PBXNativeTarget;
			buildConfigurationList = 2DCA688A1832616600075145 /* Build configuration list for PBXNativeTarget "DOCOVedio" */;
			buildPhases = (
				2DCA68511832616600075145 /* Sources */,
				2DCA68521832616600075145 /* Frameworks */,
				2DCA68531832616600075145 /* Resources */,
			);
			buildRules = (
			);
			dependencies = (
			);
			name = DOCOVedio;
			productName = DOCOVedio;
			productReference = 2DCA68551832616600075145 /* DOCOVedio.app */;
			productType = "com.apple.product-type.application";
		};
		2DCA68781832616600075145 /* DOCOVedioTests */ = {
			isa = PBXNativeTarget;
			buildConfigurationList = 2DCA688D1832616600075145 /* Build configuration list for PBXNativeTarget "DOCOVedioTests" */;
			buildPhases = (
				2DCA68751832616600075145 /* Sources */,
				2DCA68761832616600075145 /* Frameworks */,
				2DCA68771832616600075145 /* Resources */,
			);
			buildRules = (
			);
			dependencies = (
				2DCA687F1832616600075145 /* PBXTargetDependency */,
			);
			name = DOCOVedioTests;
			productName = DOCOVedioTests;
			productReference = 2DCA68791832616600075145 /* DOCOVedioTests.xctest */;
			productType = "com.apple.product-type.bundle.unit-test";
		};
/* End PBXNativeTarget section */

/* Begin PBXProject section */
		2DCA684D1832616500075145 /* Project object */ = {
			isa = PBXProject;
			attributes = {
				CLASSPREFIX = DC;
				LastUpgradeCheck = 0500;
				ORGANIZATIONNAME = amor;
				TargetAttributes = {
					2DCA68781832616600075145 = {
						TestTargetID = 2DCA68541832616600075145;
					};
				};
			};
			buildConfigurationList = 2DCA68501832616500075145 /* Build configuration list for PBXProject "DOCOVedio" */;
			compatibilityVersion = "Xcode 3.2";
			developmentRegion = English;
			hasScannedForEncodings = 0;
			knownRegions = (
				en,
				Base,
			);
			mainGroup = 2DCA684C1832616500075145;
			productRefGroup = 2DCA68561832616600075145 /* Products */;
			projectDirPath = "";
			projectRoot = "";
			targets = (
				2DCA68541832616600075145 /* DOCOVedio */,
				2DCA68781832616600075145 /* DOCOVedioTests */,
			);
		};
/* End PBXProject section */

/* Begin PBXResourcesBuildPhase section */
		2DCA68531832616600075145 /* Resources */ = {
			isa = PBXResourcesBuildPhase;
			buildActionMask = 2147483647;
			files = (
				2DCA68741832616600075145 /* Images.xcassets in Resources */,
				2DCA68631832616600075145 /* InfoPlist.strings in Resources */,
				2DCA686C1832616600075145 /* Main.storyboard in Resources */,
			);
			runOnlyForDeploymentPostprocessing = 0;
		};
		2DCA68771832616600075145 /* Resources */ = {
			isa = PBXResourcesBuildPhase;
			buildActionMask = 2147483647;
			files = (
				2DCA68851832616600075145 /* InfoPlist.strings in Resources */,
			);
			runOnlyForDeploymentPostprocessing = 0;
		};
/* End PBXResourcesBuildPhase section */

/* Begin PBXSourcesBuildPhase section */
		2DCA68511832616600075145 /* Sources */ = {
			isa = PBXSourcesBuildPhase;
			buildActionMask = 2147483647;
			files = (
				2DD3F7121833AA0A00F712E5 /* DCTableViewController.m in Sources */,
				2DD3F7061833A94D00F712E5 /* DCNewViewController.m in Sources */,
				2DD3F70C1833A97000F712E5 /* DCDownloadViewController.m in Sources */,
				2DCA68651832616600075145 /* main.m in Sources */,
				2DD3F7171833AD1000F712E5 /* UIView+DCView.m in Sources */,
				2DD3F7031833A93600F712E5 /* DCLastViewController.m in Sources */,
				2DD3F7091833A95F00F712E5 /* DCCollectViewController.m in Sources */,
				2DCA68691832616600075145 /* DCAppDelegate.m in Sources */,
				2DD3F70F1833A9F300F712E5 /* DCCollecttionViewControoler.m in Sources */,
			);
			runOnlyForDeploymentPostprocessing = 0;
		};
		2DCA68751832616600075145 /* Sources */ = {
			isa = PBXSourcesBuildPhase;
			buildActionMask = 2147483647;
			files = (
				2DCA68871832616600075145 /* DOCOVedioTests.m in Sources */,
			);
			runOnlyForDeploymentPostprocessing = 0;
		};
/* End PBXSourcesBuildPhase section */

/* Begin PBXTargetDependency section */
		2DCA687F1832616600075145 /* PBXTargetDependency */ = {
			isa = PBXTargetDependency;
			target = 2DCA68541832616600075145 /* DOCOVedio */;
			targetProxy = 2DCA687E1832616600075145 /* PBXContainerItemProxy */;
		};
/* End PBXTargetDependency section */

/* Begin PBXVariantGroup section */
		2DCA68611832616600075145 /* InfoPlist.strings */ = {
			isa = PBXVariantGroup;
			children = (
				2DCA68621832616600075145 /* en */,
			);
			name = InfoPlist.strings;
			sourceTree = "<group>";
		};
		2DCA686A1832616600075145 /* Main.storyboard */ = {
			isa = PBXVariantGroup;
			children = (
				2DCA686B1832616600075145 /* Base */,
			);
			name = Main.storyboard;
			sourceTree = "<group>";
		};
		2DCA68831832616600075145 /* InfoPlist.strings */ = {
			isa = PBXVariantGroup;
			children = (
				2DCA68841832616600075145 /* en */,
			);
			name = InfoPlist.strings;
			sourceTree = "<group>";
		};
/* End PBXVariantGroup section */

/* Begin XCBuildConfiguration section */
		2DCA68881832616600075145 /* Debug */ = {
			isa = XCBuildConfiguration;
			buildSettings = {
				ALWAYS_SEARCH_USER_PATHS = NO;
				ARCHS = "$(ARCHS_STANDARD_INCLUDING_64_BIT)";
				CLANG_CXX_LANGUAGE_STANDARD = "gnu++0x";
				CLANG_CXX_LIBRARY = "libc++";
				CLANG_ENABLE_MODULES = YES;
				CLANG_ENABLE_OBJC_ARC = YES;
				CLANG_WARN_BOOL_CONVERSION = YES;
				CLANG_WARN_CONSTANT_CONVERSION = YES;
				CLANG_WARN_DIRECT_OBJC_ISA_USAGE = YES_ERROR;
				CLANG_WARN_EMPTY_BODY = YES;
				CLANG_WARN_ENUM_CONVERSION = YES;
				CLANG_WARN_INT_CONVERSION = YES;
				CLANG_WARN_OBJC_ROOT_CLASS = YES_ERROR;
				CLANG_WARN__DUPLICATE_METHOD_MATCH = YES;
				"CODE_SIGN_IDENTITY[sdk=iphoneos*]" = "iPhone Developer";
				COPY_PHASE_STRIP = NO;
				GCC_C_LANGUAGE_STANDARD = gnu99;
				GCC_DYNAMIC_NO_PIC = NO;
				GCC_OPTIMIZATION_LEVEL = 0;
				GCC_PREPROCESSOR_DEFINITIONS = (
					"DEBUG=1",
					"$(inherited)",
				);
				GCC_SYMBOLS_PRIVATE_EXTERN = NO;
				GCC_WARN_64_TO_32_BIT_CONVERSION = YES;
				GCC_WARN_ABOUT_RETURN_TYPE = YES_ERROR;
				GCC_WARN_UNDECLARED_SELECTOR = YES;
				GCC_WARN_UNINITIALIZED_AUTOS = YES;
				GCC_WARN_UNUSED_FUNCTION = YES;
				GCC_WARN_UNUSED_VARIABLE = YES;
				IPHONEOS_DEPLOYMENT_TARGET = 7.0;
				ONLY_ACTIVE_ARCH = YES;
				SDKROOT = iphoneos;
				TARGETED_DEVICE_FAMILY = 2;
			};
			name = Debug;
		};
		2DCA68891832616600075145 /* Release */ = {
			isa = XCBuildConfiguration;
			buildSettings = {
				ALWAYS_SEARCH_USER_PATHS = NO;
				ARCHS = "$(ARCHS_STANDARD_INCLUDING_64_BIT)";
				CLANG_CXX_LANGUAGE_STANDARD = "gnu++0x";
				CLANG_CXX_LIBRARY = "libc++";
				CLANG_ENABLE_MODULES = YES;
				CLANG_ENABLE_OBJC_ARC = YES;
				CLANG_WARN_BOOL_CONVERSION = YES;
				CLANG_WARN_CONSTANT_CONVERSION = YES;
				CLANG_WARN_DIRECT_OBJC_ISA_USAGE = YES_ERROR;
				CLANG_WARN_EMPTY_BODY = YES;
				CLANG_WARN_ENUM_CONVERSION = YES;
				CLANG_WARN_INT_CONVERSION = YES;
				CLANG_WARN_OBJC_ROOT_CLASS = YES_ERROR;
				CLANG_WARN__DUPLICATE_METHOD_MATCH = YES;
				"CODE_SIGN_IDENTITY[sdk=iphoneos*]" = "iPhone Developer";
				COPY_PHASE_STRIP = YES;
				ENABLE_NS_ASSERTIONS = NO;
				GCC_C_LANGUAGE_STANDARD = gnu99;
				GCC_WARN_64_TO_32_BIT_CONVERSION = YES;
				GCC_WARN_ABOUT_RETURN_TYPE = YES_ERROR;
				GCC_WARN_UNDECLARED_SELECTOR = YES;
				GCC_WARN_UNINITIALIZED_AUTOS = YES;
				GCC_WARN_UNUSED_FUNCTION = YES;
				GCC_WARN_UNUSED_VARIABLE = YES;
				IPHONEOS_DEPLOYMENT_TARGET = 7.0;
				SDKROOT = iphoneos;
				TARGETED_DEVICE_FAMILY = 2;
				VALIDATE_PRODUCT = YES;
			};
			name = Release;
		};
		2DCA688B1832616600075145 /* Debug */ = {
			isa = XCBuildConfiguration;
			buildSettings = {
				ASSETCATALOG_COMPILER_APPICON_NAME = AppIcon;
				ASSETCATALOG_COMPILER_LAUNCHIMAGE_NAME = LaunchImage;
				GCC_PRECOMPILE_PREFIX_HEADER = YES;
				GCC_PREFIX_HEADER = "DOCOVedio/DOCOVedio-Prefix.pch";
				INFOPLIST_FILE = "DOCOVedio/DOCOVedio-Info.plist";
				PRODUCT_NAME = "$(TARGET_NAME)";
				WRAPPER_EXTENSION = app;
			};
			name = Debug;
		};
		2DCA688C1832616600075145 /* Release */ = {
			isa = XCBuildConfiguration;
			buildSettings = {
				ASSETCATALOG_COMPILER_APPICON_NAME = AppIcon;
				ASSETCATALOG_COMPILER_LAUNCHIMAGE_NAME = LaunchImage;
				GCC_PRECOMPILE_PREFIX_HEADER = YES;
				GCC_PREFIX_HEADER = "DOCOVedio/DOCOVedio-Prefix.pch";
				INFOPLIST_FILE = "DOCOVedio/DOCOVedio-Info.plist";
				PRODUCT_NAME = "$(TARGET_NAME)";
				WRAPPER_EXTENSION = app;
			};
			name = Release;
		};
		2DCA688E1832616600075145 /* Debug */ = {
			isa = XCBuildConfiguration;
			buildSettings = {
				ARCHS = "$(ARCHS_STANDARD_INCLUDING_64_BIT)";
				BUNDLE_LOADER = "$(BUILT_PRODUCTS_DIR)/DOCOVedio.app/DOCOVedio";
				FRAMEWORK_SEARCH_PATHS = (
					"$(SDKROOT)/Developer/Library/Frameworks",
					"$(inherited)",
					"$(DEVELOPER_FRAMEWORKS_DIR)",
				);
				GCC_PRECOMPILE_PREFIX_HEADER = YES;
				GCC_PREFIX_HEADER = "DOCOVedio/DOCOVedio-Prefix.pch";
				GCC_PREPROCESSOR_DEFINITIONS = (
					"DEBUG=1",
					"$(inherited)",
				);
				INFOPLIST_FILE = "DOCOVedioTests/DOCOVedioTests-Info.plist";
				PRODUCT_NAME = "$(TARGET_NAME)";
				TEST_HOST = "$(BUNDLE_LOADER)";
				WRAPPER_EXTENSION = xctest;
			};
			name = Debug;
		};
		2DCA688F1832616600075145 /* Release */ = {
			isa = XCBuildConfiguration;
			buildSettings = {
				ARCHS = "$(ARCHS_STANDARD_INCLUDING_64_BIT)";
				BUNDLE_LOADER = "$(BUILT_PRODUCTS_DIR)/DOCOVedio.app/DOCOVedio";
				FRAMEWORK_SEARCH_PATHS = (
					"$(SDKROOT)/Developer/Library/Frameworks",
					"$(inherited)",
					"$(DEVELOPER_FRAMEWORKS_DIR)",
				);
				GCC_PRECOMPILE_PREFIX_HEADER = YES;
				GCC_PREFIX_HEADER = "DOCOVedio/DOCOVedio-Prefix.pch";
				INFOPLIST_FILE = "DOCOVedioTests/DOCOVedioTests-Info.plist";
				PRODUCT_NAME = "$(TARGET_NAME)";
				TEST_HOST = "$(BUNDLE_LOADER)";
				WRAPPER_EXTENSION = xctest;
			};
			name = Release;
		};
/* End XCBuildConfiguration section */

/* Begin XCConfigurationList section */
		2DCA68501832616500075145 /* Build configuration list for PBXProject "DOCOVedio" */ = {
			isa = XCConfigurationList;
			buildConfigurations = (
				2DCA68881832616600075145 /* Debug */,
				2DCA68891832616600075145 /* Release */,
			);
			defaultConfigurationIsVisible = 0;
			defaultConfigurationName = Release;
		};
		2DCA688A1832616600075145 /* Build configuration list for PBXNativeTarget "DOCOVedio" */ = {
			isa = XCConfigurationList;
			buildConfigurations = (
				2DCA688B1832616600075145 /* Debug */,
				2DCA688C1832616600075145 /* Release */,
			);
			defaultConfigurationIsVisible = 0;
			defaultConfigurationName = Release;
		};
		2DCA688D1832616600075145 /* Build configuration list for PBXNativeTarget "DOCOVedioTests" */ = {
			isa = XCConfigurationList;
			buildConfigurations = (
				2DCA688E1832616600075145 /* Debug */,
				2DCA688F1832616600075145 /* Release */,
			);
			defaultConfigurationIsVisible = 0;
			defaultConfigurationName = Release;
		};
/* End XCConfigurationList section */
	};
	rootObject = 2DCA684D1832616500075145 /* Project object */;
}
